// !$*UTF8*$!
{
	archiveVersion = 1;
	classes = {
	};
	objectVersion = 46;
	objects = {

/* Begin PBXBuildFile section */
		0503325A1D51C94600B4377F /* AuthenticationCell.m in Sources */ = {isa = PBXBuildFile; fileRef = 050332471D51C94600B4377F /* AuthenticationCell.m */; };
		0503325B1D51C94600B4377F /* CDCardCell.m in Sources */ = {isa = PBXBuildFile; fileRef = 050332491D51C94600B4377F /* CDCardCell.m */; };
		0503325C1D51C94600B4377F /* CDCardCell.xib in Resources */ = {isa = PBXBuildFile; fileRef = 0503324A1D51C94600B4377F /* CDCardCell.xib */; };
		0503325D1D51C94600B4377F /* CheckViewController.m in Sources */ = {isa = PBXBuildFile; fileRef = 0503324C1D51C94600B4377F /* CheckViewController.m */; };
		0503325E1D51C94600B4377F /* FillInformationViewController.m in Sources */ = {isa = PBXBuildFile; fileRef = 0503324E1D51C94600B4377F /* FillInformationViewController.m */; };
		0503325F1D51C94600B4377F /* MyAuthenticatioinCell.m in Sources */ = {isa = PBXBuildFile; fileRef = 050332501D51C94600B4377F /* MyAuthenticatioinCell.m */; };
		050332601D51C94600B4377F /* MyAuthenticatioinCell.xib in Resources */ = {isa = PBXBuildFile; fileRef = 050332511D51C94600B4377F /* MyAuthenticatioinCell.xib */; };
		050332611D51C94600B4377F /* NvigationItemSingle.m in Sources */ = {isa = PBXBuildFile; fileRef = 050332531D51C94600B4377F /* NvigationItemSingle.m */; };
		050332621D51C94600B4377F /* RealNameAuthenticationViewController.m in Sources */ = {isa = PBXBuildFile; fileRef = 050332561D51C94600B4377F /* RealNameAuthenticationViewController.m */; };
		050332631D51C94600B4377F /* RefuseAlertView.m in Sources */ = {isa = PBXBuildFile; fileRef = 050332581D51C94600B4377F /* RefuseAlertView.m */; };
		050332641D51C94600B4377F /* RefuseAlertView.xib in Resources */ = {isa = PBXBuildFile; fileRef = 050332591D51C94600B4377F /* RefuseAlertView.xib */; };
		050332671D51CCCF00B4377F /* AuthenticationCell.xib in Resources */ = {isa = PBXBuildFile; fileRef = 050332661D51CCCF00B4377F /* AuthenticationCell.xib */; };
		05FD5D221D54880D0051EFB0 /* ASingleSparkViewController.m in Sources */ = {isa = PBXBuildFile; fileRef = 05FD5D0E1D54880D0051EFB0 /* ASingleSparkViewController.m */; };
		05FD5D231D54880D0051EFB0 /* LTCustomView.m in Sources */ = {isa = PBXBuildFile; fileRef = 05FD5D101D54880D0051EFB0 /* LTCustomView.m */; };
		05FD5D241D54880D0051EFB0 /* MeetCell.m in Sources */ = {isa = PBXBuildFile; fileRef = 05FD5D121D54880D0051EFB0 /* MeetCell.m */; };
		05FD5D251D54880D0051EFB0 /* MeetCell.xib in Resources */ = {isa = PBXBuildFile; fileRef = 05FD5D131D54880D0051EFB0 /* MeetCell.xib */; };
		05FD5D261D54880D0051EFB0 /* MeetListViewController.m in Sources */ = {isa = PBXBuildFile; fileRef = 05FD5D151D54880D0051EFB0 /* MeetListViewController.m */; };
		05FD5D271D54880D0051EFB0 /* MeetSubmitCell.m in Sources */ = {isa = PBXBuildFile; fileRef = 05FD5D171D54880D0051EFB0 /* MeetSubmitCell.m */; };
		05FD5D281D54880D0051EFB0 /* MeetSubmitCell.xib in Resources */ = {isa = PBXBuildFile; fileRef = 05FD5D181D54880D0051EFB0 /* MeetSubmitCell.xib */; };
		05FD5D291D54880D0051EFB0 /* MemberTeacherViewController.m in Sources */ = {isa = PBXBuildFile; fileRef = 05FD5D1A1D54880D0051EFB0 /* MemberTeacherViewController.m */; };
		05FD5D2A1D54880D0051EFB0 /* ShowMeetInfoViewController.m in Sources */ = {isa = PBXBuildFile; fileRef = 05FD5D1C1D54880D0051EFB0 /* ShowMeetInfoViewController.m */; };
		05FD5D2B1D54880D0051EFB0 /* SubmitMeetContentViewController.m in Sources */ = {isa = PBXBuildFile; fileRef = 05FD5D1E1D54880D0051EFB0 /* SubmitMeetContentViewController.m */; };
		05FD5D2C1D54880D0051EFB0 /* SubmitPhotoCell.m in Sources */ = {isa = PBXBuildFile; fileRef = 05FD5D201D54880D0051EFB0 /* SubmitPhotoCell.m */; };
		05FD5D2D1D54880D0051EFB0 /* SubmitPhotoCell.xib in Resources */ = {isa = PBXBuildFile; fileRef = 05FD5D211D54880D0051EFB0 /* SubmitPhotoCell.xib */; };
		05FD5D321D54947C0051EFB0 /* MainViewController.m in Sources */ = {isa = PBXBuildFile; fileRef = 05FD5D2F1D54947C0051EFB0 /* MainViewController.m */; };
		05FD5D331D54947C0051EFB0 /* PersonAccountViewController.m in Sources */ = {isa = PBXBuildFile; fileRef = 05FD5D311D54947C0051EFB0 /* PersonAccountViewController.m */; };
		05FD5D411D54949A0051EFB0 /* MidCell.m in Sources */ = {isa = PBXBuildFile; fileRef = 05FD5D351D54949A0051EFB0 /* MidCell.m */; };
		05FD5D421D54949A0051EFB0 /* MidCell.xib in Resources */ = {isa = PBXBuildFile; fileRef = 05FD5D361D54949A0051EFB0 /* MidCell.xib */; };
		05FD5D431D54949A0051EFB0 /* FirstViewCell.m in Sources */ = {isa = PBXBuildFile; fileRef = 05FD5D381D54949A0051EFB0 /* FirstViewCell.m */; };
		05FD5D441D54949A0051EFB0 /* FirstViewCell.xib in Resources */ = {isa = PBXBuildFile; fileRef = 05FD5D391D54949A0051EFB0 /* FirstViewCell.xib */; };
		05FD5D451D54949A0051EFB0 /* PersonTopView.m in Sources */ = {isa = PBXBuildFile; fileRef = 05FD5D3B1D54949A0051EFB0 /* PersonTopView.m */; };
		05FD5D461D54949A0051EFB0 /* AreaFooterView.m in Sources */ = {isa = PBXBuildFile; fileRef = 05FD5D3D1D54949A0051EFB0 /* AreaFooterView.m */; };
		05FD5D471D54949A0051EFB0 /* MainCell.m in Sources */ = {isa = PBXBuildFile; fileRef = 05FD5D3F1D54949A0051EFB0 /* MainCell.m */; };
		05FD5D481D54949A0051EFB0 /* MainCell.xib in Resources */ = {isa = PBXBuildFile; fileRef = 05FD5D401D54949A0051EFB0 /* MainCell.xib */; };
		05FD5D661D5494E90051EFB0 /* Info.plist in Resources */ = {isa = PBXBuildFile; fileRef = 05FD5D4B1D5494E90051EFB0 /* Info.plist */; };
		05FD5D671D5494E90051EFB0 /* MASCompositeConstraint.m in Sources */ = {isa = PBXBuildFile; fileRef = 05FD5D4D1D5494E90051EFB0 /* MASCompositeConstraint.m */; };
		05FD5D681D5494E90051EFB0 /* MASConstraint.m in Sources */ = {isa = PBXBuildFile; fileRef = 05FD5D501D5494E90051EFB0 /* MASConstraint.m */; };
		05FD5D691D5494E90051EFB0 /* MASConstraintMaker.m in Sources */ = {isa = PBXBuildFile; fileRef = 05FD5D521D5494E90051EFB0 /* MASConstraintMaker.m */; };
		05FD5D6A1D5494E90051EFB0 /* MASLayoutConstraint.m in Sources */ = {isa = PBXBuildFile; fileRef = 05FD5D541D5494E90051EFB0 /* MASLayoutConstraint.m */; };
		05FD5D6B1D5494E90051EFB0 /* MASViewAttribute.m in Sources */ = {isa = PBXBuildFile; fileRef = 05FD5D581D5494E90051EFB0 /* MASViewAttribute.m */; };
		05FD5D6C1D5494E90051EFB0 /* MASViewConstraint.m in Sources */ = {isa = PBXBuildFile; fileRef = 05FD5D5A1D5494E90051EFB0 /* MASViewConstraint.m */; };
		05FD5D6D1D5494E90051EFB0 /* NSArray+MASAdditions.m in Sources */ = {isa = PBXBuildFile; fileRef = 05FD5D5C1D5494E90051EFB0 /* NSArray+MASAdditions.m */; };
		05FD5D6E1D5494E90051EFB0 /* NSLayoutConstraint+MASDebugAdditions.m in Sources */ = {isa = PBXBuildFile; fileRef = 05FD5D5F1D5494E90051EFB0 /* NSLayoutConstraint+MASDebugAdditions.m */; };
		05FD5D6F1D5494E90051EFB0 /* timg.jpg in Resources */ = {isa = PBXBuildFile; fileRef = 05FD5D601D5494E90051EFB0 /* timg.jpg */; };
		05FD5D701D5494E90051EFB0 /* View+MASAdditions.m in Sources */ = {isa = PBXBuildFile; fileRef = 05FD5D621D5494E90051EFB0 /* View+MASAdditions.m */; };
		05FD5D711D5494E90051EFB0 /* ViewController+MASAdditions.m in Sources */ = {isa = PBXBuildFile; fileRef = 05FD5D651D5494E90051EFB0 /* ViewController+MASAdditions.m */; };
		05FD5D731D5496790051EFB0 /* biao02.png in Resources */ = {isa = PBXBuildFile; fileRef = 05FD5D721D5496790051EFB0 /* biao02.png */; };
		C80167C51D52D32000A9971B /* IndividualAccountContenVC.m in Sources */ = {isa = PBXBuildFile; fileRef = C80167C41D52D32000A9971B /* IndividualAccountContenVC.m */; };
		C834793A1D4EDA9900DEFE2A /* WelcomeViewController.m in Sources */ = {isa = PBXBuildFile; fileRef = C83479391D4EDA9900DEFE2A /* WelcomeViewController.m */; };
		C834793E1D4EF53600DEFE2A /* IndividualAccountVC.m in Sources */ = {isa = PBXBuildFile; fileRef = C834793D1D4EF53600DEFE2A /* IndividualAccountVC.m */; };
		C83479411D4EFC5A00DEFE2A /* IndividualAccountCell.m in Sources */ = {isa = PBXBuildFile; fileRef = C83479401D4EFC5A00DEFE2A /* IndividualAccountCell.m */; };
		C834794B1D4F48D200DEFE2A /* PersonalInformationVC.m in Sources */ = {isa = PBXBuildFile; fileRef = C834794A1D4F48D200DEFE2A /* PersonalInformationVC.m */; };
		C834794E1D4F510000DEFE2A /* PersonalInformationVCCell.m in Sources */ = {isa = PBXBuildFile; fileRef = C834794D1D4F510000DEFE2A /* PersonalInformationVCCell.m */; };
		C851A4C71D50483E00E3D4CF /* ModifyPictureVC.m in Sources */ = {isa = PBXBuildFile; fileRef = C851A4C61D50483E00E3D4CF /* ModifyPictureVC.m */; };
		C851A4CA1D504F0C00E3D4CF /* ChangePasswordVC.m in Sources */ = {isa = PBXBuildFile; fileRef = C851A4C91D504F0C00E3D4CF /* ChangePasswordVC.m */; };
		C851A4CD1D50708200E3D4CF /* AllModifyVC.m in Sources */ = {isa = PBXBuildFile; fileRef = C851A4CC1D50708200E3D4CF /* AllModifyVC.m */; };
		C851A4D01D50A19700E3D4CF /* HeadPortraitCell.m in Sources */ = {isa = PBXBuildFile; fileRef = C851A4CF1D50A19700E3D4CF /* HeadPortraitCell.m */; };
		C864650E1D487F680071F64F /* main.m in Sources */ = {isa = PBXBuildFile; fileRef = C864650D1D487F680071F64F /* main.m */; };
		C86465111D487F680071F64F /* AppDelegate.m in Sources */ = {isa = PBXBuildFile; fileRef = C86465101D487F680071F64F /* AppDelegate.m */; };
		C86465141D487F680071F64F /* ViewController.m in Sources */ = {isa = PBXBuildFile; fileRef = C86465131D487F680071F64F /* ViewController.m */; };
		C86465171D487F680071F64F /* Main.storyboard in Resources */ = {isa = PBXBuildFile; fileRef = C86465151D487F680071F64F /* Main.storyboard */; };
		C86465191D487F680071F64F /* Assets.xcassets in Resources */ = {isa = PBXBuildFile; fileRef = C86465181D487F680071F64F /* Assets.xcassets */; };
		C864651C1D487F680071F64F /* LaunchScreen.storyboard in Resources */ = {isa = PBXBuildFile; fileRef = C864651A1D487F680071F64F /* LaunchScreen.storyboard */; };
		C86465271D487F680071F64F /* LeeLoginTests.m in Sources */ = {isa = PBXBuildFile; fileRef = C86465261D487F680071F64F /* LeeLoginTests.m */; };
		C86465321D487F680071F64F /* LeeLoginUITests.m in Sources */ = {isa = PBXBuildFile; fileRef = C86465311D487F680071F64F /* LeeLoginUITests.m */; };
		C86465411D487F830071F64F /* LeeNavigationTitleBaseVC.m in Sources */ = {isa = PBXBuildFile; fileRef = C86465401D487F830071F64F /* LeeNavigationTitleBaseVC.m */; };
		C864654B1D4881180071F64F /* LeeAllView.m in Sources */ = {isa = PBXBuildFile; fileRef = C864654A1D4881180071F64F /* LeeAllView.m */; };
		C864654E1D4885390071F64F /* RegisteredVC.m in Sources */ = {isa = PBXBuildFile; fileRef = C864654D1D4885390071F64F /* RegisteredVC.m */; };
		C86465511D48A2D80071F64F /* RegistrationTermsVC.m in Sources */ = {isa = PBXBuildFile; fileRef = C86465501D48A2D80071F64F /* RegistrationTermsVC.m */; };
		C86465541D48AEB80071F64F /* RegistrationPromptVC.m in Sources */ = {isa = PBXBuildFile; fileRef = C86465531D48AEB80071F64F /* RegistrationPromptVC.m */; };
		C8781C0A1D5185FC0098E264 /* IndividualitySignatureCell.m in Sources */ = {isa = PBXBuildFile; fileRef = C8781C091D5185FC0098E264 /* IndividualitySignatureCell.m */; };
		C8A4D2321D49AAEA0061D67C /* LoginVC.m in Sources */ = {isa = PBXBuildFile; fileRef = C8A4D2311D49AAEA0061D67C /* LoginVC.m */; };
		C8A4D2361D49B9BC0061D67C /* RetrievePasswordVC.m in Sources */ = {isa = PBXBuildFile; fileRef = C8A4D2351D49B9BC0061D67C /* RetrievePasswordVC.m */; };
		C8A4D2391D49D1960061D67C /* ResetPasswordVC.m in Sources */ = {isa = PBXBuildFile; fileRef = C8A4D2381D49D1960061D67C /* ResetPasswordVC.m */; };
		C8A4D23D1D49DFF50061D67C /* HomePageViewController.m in Sources */ = {isa = PBXBuildFile; fileRef = C8A4D23C1D49DFF50061D67C /* HomePageViewController.m */; };
		C8A4D2481D4A0E620061D67C /* HomePageTableViewCell.m in Sources */ = {isa = PBXBuildFile; fileRef = C8A4D2471D4A0E620061D67C /* HomePageTableViewCell.m */; };
		C8DD53881D5313FB0051515F /* AroundMallVC.m in Sources */ = {isa = PBXBuildFile; fileRef = C8DD53871D5313FB0051515F /* AroundMallVC.m */; };
		C8DD538B1D53168E0051515F /* StoreTableViewCell.m in Sources */ = {isa = PBXBuildFile; fileRef = C8DD538A1D53168E0051515F /* StoreTableViewCell.m */; };
		C8DD53941D531BB80051515F /* ListGoodsVC.m in Sources */ = {isa = PBXBuildFile; fileRef = C8DD53931D531BB80051515F /* ListGoodsVC.m */; };
		C8DD53971D5321100051515F /* ListGoodsTableViewCell.m in Sources */ = {isa = PBXBuildFile; fileRef = C8DD53961D5321100051515F /* ListGoodsTableViewCell.m */; };
/* End PBXBuildFile section */

/* Begin PBXContainerItemProxy section */
		C86465231D487F680071F64F /* PBXContainerItemProxy */ = {
			isa = PBXContainerItemProxy;
			containerPortal = C86465011D487F680071F64F /* Project object */;
			proxyType = 1;
			remoteGlobalIDString = C86465081D487F680071F64F;
			remoteInfo = LeeLogin;
		};
		C864652E1D487F680071F64F /* PBXContainerItemProxy */ = {
			isa = PBXContainerItemProxy;
			containerPortal = C86465011D487F680071F64F /* Project object */;
			proxyType = 1;
			remoteGlobalIDString = C86465081D487F680071F64F;
			remoteInfo = LeeLogin;
		};
/* End PBXContainerItemProxy section */

/* Begin PBXFileReference section */
		050332461D51C94600B4377F /* AuthenticationCell.h */ = {isa = PBXFileReference; fileEncoding = 4; lastKnownFileType = sourcecode.c.h; path = AuthenticationCell.h; sourceTree = "<group>"; };
		050332471D51C94600B4377F /* AuthenticationCell.m */ = {isa = PBXFileReference; fileEncoding = 4; lastKnownFileType = sourcecode.c.objc; path = AuthenticationCell.m; sourceTree = "<group>"; };
		050332481D51C94600B4377F /* CDCardCell.h */ = {isa = PBXFileReference; fileEncoding = 4; lastKnownFileType = sourcecode.c.h; path = CDCardCell.h; sourceTree = "<group>"; };
		050332491D51C94600B4377F /* CDCardCell.m */ = {isa = PBXFileReference; fileEncoding = 4; lastKnownFileType = sourcecode.c.objc; path = CDCardCell.m; sourceTree = "<group>"; };
		0503324A1D51C94600B4377F /* CDCardCell.xib */ = {isa = PBXFileReference; fileEncoding = 4; lastKnownFileType = file.xib; path = CDCardCell.xib; sourceTree = "<group>"; };
		0503324B1D51C94600B4377F /* CheckViewController.h */ = {isa = PBXFileReference; fileEncoding = 4; lastKnownFileType = sourcecode.c.h; path = CheckViewController.h; sourceTree = "<group>"; };
		0503324C1D51C94600B4377F /* CheckViewController.m */ = {isa = PBXFileReference; fileEncoding = 4; lastKnownFileType = sourcecode.c.objc; path = CheckViewController.m; sourceTree = "<group>"; };
		0503324D1D51C94600B4377F /* FillInformationViewController.h */ = {isa = PBXFileReference; fileEncoding = 4; lastKnownFileType = sourcecode.c.h; path = FillInformationViewController.h; sourceTree = "<group>"; };
		0503324E1D51C94600B4377F /* FillInformationViewController.m */ = {isa = PBXFileReference; fileEncoding = 4; lastKnownFileType = sourcecode.c.objc; path = FillInformationViewController.m; sourceTree = "<group>"; };
		0503324F1D51C94600B4377F /* MyAuthenticatioinCell.h */ = {isa = PBXFileReference; fileEncoding = 4; lastKnownFileType = sourcecode.c.h; path = MyAuthenticatioinCell.h; sourceTree = "<group>"; };
		050332501D51C94600B4377F /* MyAuthenticatioinCell.m */ = {isa = PBXFileReference; fileEncoding = 4; lastKnownFileType = sourcecode.c.objc; path = MyAuthenticatioinCell.m; sourceTree = "<group>"; };
		050332511D51C94600B4377F /* MyAuthenticatioinCell.xib */ = {isa = PBXFileReference; fileEncoding = 4; lastKnownFileType = file.xib; path = MyAuthenticatioinCell.xib; sourceTree = "<group>"; };
		050332521D51C94600B4377F /* NvigationItemSingle.h */ = {isa = PBXFileReference; fileEncoding = 4; lastKnownFileType = sourcecode.c.h; path = NvigationItemSingle.h; sourceTree = "<group>"; };
		050332531D51C94600B4377F /* NvigationItemSingle.m */ = {isa = PBXFileReference; fileEncoding = 4; lastKnownFileType = sourcecode.c.objc; path = NvigationItemSingle.m; sourceTree = "<group>"; };
		050332541D51C94600B4377F /* PrefixHeader.pch */ = {isa = PBXFileReference; fileEncoding = 4; lastKnownFileType = sourcecode.c.h; path = PrefixHeader.pch; sourceTree = "<group>"; };
		050332551D51C94600B4377F /* RealNameAuthenticationViewController.h */ = {isa = PBXFileReference; fileEncoding = 4; lastKnownFileType = sourcecode.c.h; path = RealNameAuthenticationViewController.h; sourceTree = "<group>"; };
		050332561D51C94600B4377F /* RealNameAuthenticationViewController.m */ = {isa = PBXFileReference; fileEncoding = 4; lastKnownFileType = sourcecode.c.objc; path = RealNameAuthenticationViewController.m; sourceTree = "<group>"; };
		050332571D51C94600B4377F /* RefuseAlertView.h */ = {isa = PBXFileReference; fileEncoding = 4; lastKnownFileType = sourcecode.c.h; path = RefuseAlertView.h; sourceTree = "<group>"; };
		050332581D51C94600B4377F /* RefuseAlertView.m */ = {isa = PBXFileReference; fileEncoding = 4; lastKnownFileType = sourcecode.c.objc; path = RefuseAlertView.m; sourceTree = "<group>"; };
		050332591D51C94600B4377F /* RefuseAlertView.xib */ = {isa = PBXFileReference; fileEncoding = 4; lastKnownFileType = file.xib; path = RefuseAlertView.xib; sourceTree = "<group>"; };
		050332661D51CCCF00B4377F /* AuthenticationCell.xib */ = {isa = PBXFileReference; fileEncoding = 4; lastKnownFileType = file.xib; path = AuthenticationCell.xib; sourceTree = "<group>"; };
		05FD5D0D1D54880D0051EFB0 /* ASingleSparkViewController.h */ = {isa = PBXFileReference; fileEncoding = 4; lastKnownFileType = sourcecode.c.h; path = ASingleSparkViewController.h; sourceTree = "<group>"; };
		05FD5D0E1D54880D0051EFB0 /* ASingleSparkViewController.m */ = {isa = PBXFileReference; fileEncoding = 4; lastKnownFileType = sourcecode.c.objc; path = ASingleSparkViewController.m; sourceTree = "<group>"; };
		05FD5D0F1D54880D0051EFB0 /* LTCustomView.h */ = {isa = PBXFileReference; fileEncoding = 4; lastKnownFileType = sourcecode.c.h; path = LTCustomView.h; sourceTree = "<group>"; };
		05FD5D101D54880D0051EFB0 /* LTCustomView.m */ = {isa = PBXFileReference; fileEncoding = 4; lastKnownFileType = sourcecode.c.objc; path = LTCustomView.m; sourceTree = "<group>"; };
		05FD5D111D54880D0051EFB0 /* MeetCell.h */ = {isa = PBXFileReference; fileEncoding = 4; lastKnownFileType = sourcecode.c.h; path = MeetCell.h; sourceTree = "<group>"; };
		05FD5D121D54880D0051EFB0 /* MeetCell.m */ = {isa = PBXFileReference; fileEncoding = 4; lastKnownFileType = sourcecode.c.objc; path = MeetCell.m; sourceTree = "<group>"; };
		05FD5D131D54880D0051EFB0 /* MeetCell.xib */ = {isa = PBXFileReference; fileEncoding = 4; lastKnownFileType = file.xib; path = MeetCell.xib; sourceTree = "<group>"; };
		05FD5D141D54880D0051EFB0 /* MeetListViewController.h */ = {isa = PBXFileReference; fileEncoding = 4; lastKnownFileType = sourcecode.c.h; path = MeetListViewController.h; sourceTree = "<group>"; };
		05FD5D151D54880D0051EFB0 /* MeetListViewController.m */ = {isa = PBXFileReference; fileEncoding = 4; lastKnownFileType = sourcecode.c.objc; path = MeetListViewController.m; sourceTree = "<group>"; };
		05FD5D161D54880D0051EFB0 /* MeetSubmitCell.h */ = {isa = PBXFileReference; fileEncoding = 4; lastKnownFileType = sourcecode.c.h; path = MeetSubmitCell.h; sourceTree = "<group>"; };
		05FD5D171D54880D0051EFB0 /* MeetSubmitCell.m */ = {isa = PBXFileReference; fileEncoding = 4; lastKnownFileType = sourcecode.c.objc; path = MeetSubmitCell.m; sourceTree = "<group>"; };
		05FD5D181D54880D0051EFB0 /* MeetSubmitCell.xib */ = {isa = PBXFileReference; fileEncoding = 4; lastKnownFileType = file.xib; path = MeetSubmitCell.xib; sourceTree = "<group>"; };
		05FD5D191D54880D0051EFB0 /* MemberTeacherViewController.h */ = {isa = PBXFileReference; fileEncoding = 4; lastKnownFileType = sourcecode.c.h; path = MemberTeacherViewController.h; sourceTree = "<group>"; };
		05FD5D1A1D54880D0051EFB0 /* MemberTeacherViewController.m */ = {isa = PBXFileReference; fileEncoding = 4; lastKnownFileType = sourcecode.c.objc; path = MemberTeacherViewController.m; sourceTree = "<group>"; };
		05FD5D1B1D54880D0051EFB0 /* ShowMeetInfoViewController.h */ = {isa = PBXFileReference; fileEncoding = 4; lastKnownFileType = sourcecode.c.h; path = ShowMeetInfoViewController.h; sourceTree = "<group>"; };
		05FD5D1C1D54880D0051EFB0 /* ShowMeetInfoViewController.m */ = {isa = PBXFileReference; fileEncoding = 4; lastKnownFileType = sourcecode.c.objc; path = ShowMeetInfoViewController.m; sourceTree = "<group>"; };
		05FD5D1D1D54880D0051EFB0 /* SubmitMeetContentViewController.h */ = {isa = PBXFileReference; fileEncoding = 4; lastKnownFileType = sourcecode.c.h; path = SubmitMeetContentViewController.h; sourceTree = "<group>"; };
		05FD5D1E1D54880D0051EFB0 /* SubmitMeetContentViewController.m */ = {isa = PBXFileReference; fileEncoding = 4; lastKnownFileType = sourcecode.c.objc; path = SubmitMeetContentViewController.m; sourceTree = "<group>"; };
		05FD5D1F1D54880D0051EFB0 /* SubmitPhotoCell.h */ = {isa = PBXFileReference; fileEncoding = 4; lastKnownFileType = sourcecode.c.h; path = SubmitPhotoCell.h; sourceTree = "<group>"; };
		05FD5D201D54880D0051EFB0 /* SubmitPhotoCell.m */ = {isa = PBXFileReference; fileEncoding = 4; lastKnownFileType = sourcecode.c.objc; path = SubmitPhotoCell.m; sourceTree = "<group>"; };
		05FD5D211D54880D0051EFB0 /* SubmitPhotoCell.xib */ = {isa = PBXFileReference; fileEncoding = 4; lastKnownFileType = file.xib; path = SubmitPhotoCell.xib; sourceTree = "<group>"; };
		05FD5D2E1D54947C0051EFB0 /* MainViewController.h */ = {isa = PBXFileReference; fileEncoding = 4; lastKnownFileType = sourcecode.c.h; path = MainViewController.h; sourceTree = "<group>"; };
		05FD5D2F1D54947C0051EFB0 /* MainViewController.m */ = {isa = PBXFileReference; fileEncoding = 4; lastKnownFileType = sourcecode.c.objc; path = MainViewController.m; sourceTree = "<group>"; };
		05FD5D301D54947C0051EFB0 /* PersonAccountViewController.h */ = {isa = PBXFileReference; fileEncoding = 4; lastKnownFileType = sourcecode.c.h; path = PersonAccountViewController.h; sourceTree = "<group>"; };
		05FD5D311D54947C0051EFB0 /* PersonAccountViewController.m */ = {isa = PBXFileReference; fileEncoding = 4; lastKnownFileType = sourcecode.c.objc; path = PersonAccountViewController.m; sourceTree = "<group>"; };
		05FD5D341D54949A0051EFB0 /* MidCell.h */ = {isa = PBXFileReference; fileEncoding = 4; lastKnownFileType = sourcecode.c.h; path = MidCell.h; sourceTree = "<group>"; };
		05FD5D351D54949A0051EFB0 /* MidCell.m */ = {isa = PBXFileReference; fileEncoding = 4; lastKnownFileType = sourcecode.c.objc; path = MidCell.m; sourceTree = "<group>"; };
		05FD5D361D54949A0051EFB0 /* MidCell.xib */ = {isa = PBXFileReference; fileEncoding = 4; lastKnownFileType = file.xib; path = MidCell.xib; sourceTree = "<group>"; };
		05FD5D371D54949A0051EFB0 /* FirstViewCell.h */ = {isa = PBXFileReference; fileEncoding = 4; lastKnownFileType = sourcecode.c.h; path = FirstViewCell.h; sourceTree = "<group>"; };
		05FD5D381D54949A0051EFB0 /* FirstViewCell.m */ = {isa = PBXFileReference; fileEncoding = 4; lastKnownFileType = sourcecode.c.objc; path = FirstViewCell.m; sourceTree = "<group>"; };
		05FD5D391D54949A0051EFB0 /* FirstViewCell.xib */ = {isa = PBXFileReference; fileEncoding = 4; lastKnownFileType = file.xib; path = FirstViewCell.xib; sourceTree = "<group>"; };
		05FD5D3A1D54949A0051EFB0 /* PersonTopView.h */ = {isa = PBXFileReference; fileEncoding = 4; lastKnownFileType = sourcecode.c.h; path = PersonTopView.h; sourceTree = "<group>"; };
		05FD5D3B1D54949A0051EFB0 /* PersonTopView.m */ = {isa = PBXFileReference; fileEncoding = 4; lastKnownFileType = sourcecode.c.objc; path = PersonTopView.m; sourceTree = "<group>"; };
		05FD5D3C1D54949A0051EFB0 /* AreaFooterView.h */ = {isa = PBXFileReference; fileEncoding = 4; lastKnownFileType = sourcecode.c.h; path = AreaFooterView.h; sourceTree = "<group>"; };
		05FD5D3D1D54949A0051EFB0 /* AreaFooterView.m */ = {isa = PBXFileReference; fileEncoding = 4; lastKnownFileType = sourcecode.c.objc; path = AreaFooterView.m; sourceTree = "<group>"; };
		05FD5D3E1D54949A0051EFB0 /* MainCell.h */ = {isa = PBXFileReference; fileEncoding = 4; lastKnownFileType = sourcecode.c.h; path = MainCell.h; sourceTree = "<group>"; };
		05FD5D3F1D54949A0051EFB0 /* MainCell.m */ = {isa = PBXFileReference; fileEncoding = 4; lastKnownFileType = sourcecode.c.objc; path = MainCell.m; sourceTree = "<group>"; };
		05FD5D401D54949A0051EFB0 /* MainCell.xib */ = {isa = PBXFileReference; fileEncoding = 4; lastKnownFileType = file.xib; path = MainCell.xib; sourceTree = "<group>"; };
		05FD5D4B1D5494E90051EFB0 /* Info.plist */ = {isa = PBXFileReference; fileEncoding = 4; lastKnownFileType = text.plist.xml; path = Info.plist; sourceTree = "<group>"; };
		05FD5D4C1D5494E90051EFB0 /* MASCompositeConstraint.h */ = {isa = PBXFileReference; fileEncoding = 4; lastKnownFileType = sourcecode.c.h; path = MASCompositeConstraint.h; sourceTree = "<group>"; };
		05FD5D4D1D5494E90051EFB0 /* MASCompositeConstraint.m */ = {isa = PBXFileReference; fileEncoding = 4; lastKnownFileType = sourcecode.c.objc; path = MASCompositeConstraint.m; sourceTree = "<group>"; };
		05FD5D4E1D5494E90051EFB0 /* MASConstraint+Private.h */ = {isa = PBXFileReference; fileEncoding = 4; lastKnownFileType = sourcecode.c.h; path = "MASConstraint+Private.h"; sourceTree = "<group>"; };
		05FD5D4F1D5494E90051EFB0 /* MASConstraint.h */ = {isa = PBXFileReference; fileEncoding = 4; lastKnownFileType = sourcecode.c.h; path = MASConstraint.h; sourceTree = "<group>"; };
		05FD5D501D5494E90051EFB0 /* MASConstraint.m */ = {isa = PBXFileReference; fileEncoding = 4; lastKnownFileType = sourcecode.c.objc; path = MASConstraint.m; sourceTree = "<group>"; };
		05FD5D511D5494E90051EFB0 /* MASConstraintMaker.h */ = {isa = PBXFileReference; fileEncoding = 4; lastKnownFileType = sourcecode.c.h; path = MASConstraintMaker.h; sourceTree = "<group>"; };
		05FD5D521D5494E90051EFB0 /* MASConstraintMaker.m */ = {isa = PBXFileReference; fileEncoding = 4; lastKnownFileType = sourcecode.c.objc; path = MASConstraintMaker.m; sourceTree = "<group>"; };
		05FD5D531D5494E90051EFB0 /* MASLayoutConstraint.h */ = {isa = PBXFileReference; fileEncoding = 4; lastKnownFileType = sourcecode.c.h; path = MASLayoutConstraint.h; sourceTree = "<group>"; };
		05FD5D541D5494E90051EFB0 /* MASLayoutConstraint.m */ = {isa = PBXFileReference; fileEncoding = 4; lastKnownFileType = sourcecode.c.objc; path = MASLayoutConstraint.m; sourceTree = "<group>"; };
		05FD5D551D5494E90051EFB0 /* Masonry.h */ = {isa = PBXFileReference; fileEncoding = 4; lastKnownFileType = sourcecode.c.h; path = Masonry.h; sourceTree = "<group>"; };
		05FD5D561D5494E90051EFB0 /* MASUtilities.h */ = {isa = PBXFileReference; fileEncoding = 4; lastKnownFileType = sourcecode.c.h; path = MASUtilities.h; sourceTree = "<group>"; };
		05FD5D571D5494E90051EFB0 /* MASViewAttribute.h */ = {isa = PBXFileReference; fileEncoding = 4; lastKnownFileType = sourcecode.c.h; path = MASViewAttribute.h; sourceTree = "<group>"; };
		05FD5D581D5494E90051EFB0 /* MASViewAttribute.m */ = {isa = PBXFileReference; fileEncoding = 4; lastKnownFileType = sourcecode.c.objc; path = MASViewAttribute.m; sourceTree = "<group>"; };
		05FD5D591D5494E90051EFB0 /* MASViewConstraint.h */ = {isa = PBXFileReference; fileEncoding = 4; lastKnownFileType = sourcecode.c.h; path = MASViewConstraint.h; sourceTree = "<group>"; };
		05FD5D5A1D5494E90051EFB0 /* MASViewConstraint.m */ = {isa = PBXFileReference; fileEncoding = 4; lastKnownFileType = sourcecode.c.objc; path = MASViewConstraint.m; sourceTree = "<group>"; };
		05FD5D5B1D5494E90051EFB0 /* NSArray+MASAdditions.h */ = {isa = PBXFileReference; fileEncoding = 4; lastKnownFileType = sourcecode.c.h; path = "NSArray+MASAdditions.h"; sourceTree = "<group>"; };
		05FD5D5C1D5494E90051EFB0 /* NSArray+MASAdditions.m */ = {isa = PBXFileReference; fileEncoding = 4; lastKnownFileType = sourcecode.c.objc; path = "NSArray+MASAdditions.m"; sourceTree = "<group>"; };
		05FD5D5D1D5494E90051EFB0 /* NSArray+MASShorthandAdditions.h */ = {isa = PBXFileReference; fileEncoding = 4; lastKnownFileType = sourcecode.c.h; path = "NSArray+MASShorthandAdditions.h"; sourceTree = "<group>"; };
		05FD5D5E1D5494E90051EFB0 /* NSLayoutConstraint+MASDebugAdditions.h */ = {isa = PBXFileReference; fileEncoding = 4; lastKnownFileType = sourcecode.c.h; path = "NSLayoutConstraint+MASDebugAdditions.h"; sourceTree = "<group>"; };
		05FD5D5F1D5494E90051EFB0 /* NSLayoutConstraint+MASDebugAdditions.m */ = {isa = PBXFileReference; fileEncoding = 4; lastKnownFileType = sourcecode.c.objc; path = "NSLayoutConstraint+MASDebugAdditions.m"; sourceTree = "<group>"; };
		05FD5D601D5494E90051EFB0 /* timg.jpg */ = {isa = PBXFileReference; lastKnownFileType = image.jpeg; path = timg.jpg; sourceTree = "<group>"; };
		05FD5D611D5494E90051EFB0 /* View+MASAdditions.h */ = {isa = PBXFileReference; fileEncoding = 4; lastKnownFileType = sourcecode.c.h; path = "View+MASAdditions.h"; sourceTree = "<group>"; };
		05FD5D621D5494E90051EFB0 /* View+MASAdditions.m */ = {isa = PBXFileReference; fileEncoding = 4; lastKnownFileType = sourcecode.c.objc; path = "View+MASAdditions.m"; sourceTree = "<group>"; };
		05FD5D631D5494E90051EFB0 /* View+MASShorthandAdditions.h */ = {isa = PBXFileReference; fileEncoding = 4; lastKnownFileType = sourcecode.c.h; path = "View+MASShorthandAdditions.h"; sourceTree = "<group>"; };
		05FD5D641D5494E90051EFB0 /* ViewController+MASAdditions.h */ = {isa = PBXFileReference; fileEncoding = 4; lastKnownFileType = sourcecode.c.h; path = "ViewController+MASAdditions.h"; sourceTree = "<group>"; };
		05FD5D651D5494E90051EFB0 /* ViewController+MASAdditions.m */ = {isa = PBXFileReference; fileEncoding = 4; lastKnownFileType = sourcecode.c.objc; path = "ViewController+MASAdditions.m"; sourceTree = "<group>"; };
		05FD5D721D5496790051EFB0 /* biao02.png */ = {isa = PBXFileReference; lastKnownFileType = image.png; path = biao02.png; sourceTree = "<group>"; };
		C80167C31D52D32000A9971B /* IndividualAccountContenVC.h */ = {isa = PBXFileReference; fileEncoding = 4; lastKnownFileType = sourcecode.c.h; path = IndividualAccountContenVC.h; sourceTree = "<group>"; };
		C80167C41D52D32000A9971B /* IndividualAccountContenVC.m */ = {isa = PBXFileReference; fileEncoding = 4; lastKnownFileType = sourcecode.c.objc; path = IndividualAccountContenVC.m; sourceTree = "<group>"; };
		C83479381D4EDA9900DEFE2A /* WelcomeViewController.h */ = {isa = PBXFileReference; fileEncoding = 4; lastKnownFileType = sourcecode.c.h; path = WelcomeViewController.h; sourceTree = "<group>"; };
		C83479391D4EDA9900DEFE2A /* WelcomeViewController.m */ = {isa = PBXFileReference; fileEncoding = 4; lastKnownFileType = sourcecode.c.objc; path = WelcomeViewController.m; sourceTree = "<group>"; };
		C834793C1D4EF53600DEFE2A /* IndividualAccountVC.h */ = {isa = PBXFileReference; fileEncoding = 4; lastKnownFileType = sourcecode.c.h; path = IndividualAccountVC.h; sourceTree = "<group>"; };
		C834793D1D4EF53600DEFE2A /* IndividualAccountVC.m */ = {isa = PBXFileReference; fileEncoding = 4; lastKnownFileType = sourcecode.c.objc; path = IndividualAccountVC.m; sourceTree = "<group>"; };
		C834793F1D4EFC5A00DEFE2A /* IndividualAccountCell.h */ = {isa = PBXFileReference; fileEncoding = 4; lastKnownFileType = sourcecode.c.h; path = IndividualAccountCell.h; sourceTree = "<group>"; };
		C83479401D4EFC5A00DEFE2A /* IndividualAccountCell.m */ = {isa = PBXFileReference; fileEncoding = 4; lastKnownFileType = sourcecode.c.objc; path = IndividualAccountCell.m; sourceTree = "<group>"; };
		C83479491D4F48D200DEFE2A /* PersonalInformationVC.h */ = {isa = PBXFileReference; fileEncoding = 4; lastKnownFileType = sourcecode.c.h; path = PersonalInformationVC.h; sourceTree = "<group>"; };
		C834794A1D4F48D200DEFE2A /* PersonalInformationVC.m */ = {isa = PBXFileReference; fileEncoding = 4; lastKnownFileType = sourcecode.c.objc; path = PersonalInformationVC.m; sourceTree = "<group>"; };
		C834794C1D4F510000DEFE2A /* PersonalInformationVCCell.h */ = {isa = PBXFileReference; fileEncoding = 4; lastKnownFileType = sourcecode.c.h; path = PersonalInformationVCCell.h; sourceTree = "<group>"; };
		C834794D1D4F510000DEFE2A /* PersonalInformationVCCell.m */ = {isa = PBXFileReference; fileEncoding = 4; lastKnownFileType = sourcecode.c.objc; path = PersonalInformationVCCell.m; sourceTree = "<group>"; };
		C851A4C51D50483E00E3D4CF /* ModifyPictureVC.h */ = {isa = PBXFileReference; fileEncoding = 4; lastKnownFileType = sourcecode.c.h; path = ModifyPictureVC.h; sourceTree = "<group>"; };
		C851A4C61D50483E00E3D4CF /* ModifyPictureVC.m */ = {isa = PBXFileReference; fileEncoding = 4; lastKnownFileType = sourcecode.c.objc; path = ModifyPictureVC.m; sourceTree = "<group>"; };
		C851A4C81D504F0C00E3D4CF /* ChangePasswordVC.h */ = {isa = PBXFileReference; fileEncoding = 4; lastKnownFileType = sourcecode.c.h; path = ChangePasswordVC.h; sourceTree = "<group>"; };
		C851A4C91D504F0C00E3D4CF /* ChangePasswordVC.m */ = {isa = PBXFileReference; fileEncoding = 4; lastKnownFileType = sourcecode.c.objc; path = ChangePasswordVC.m; sourceTree = "<group>"; };
		C851A4CB1D50708200E3D4CF /* AllModifyVC.h */ = {isa = PBXFileReference; fileEncoding = 4; lastKnownFileType = sourcecode.c.h; path = AllModifyVC.h; sourceTree = "<group>"; };
		C851A4CC1D50708200E3D4CF /* AllModifyVC.m */ = {isa = PBXFileReference; fileEncoding = 4; lastKnownFileType = sourcecode.c.objc; path = AllModifyVC.m; sourceTree = "<group>"; };
		C851A4CE1D50A19700E3D4CF /* HeadPortraitCell.h */ = {isa = PBXFileReference; fileEncoding = 4; lastKnownFileType = sourcecode.c.h; path = HeadPortraitCell.h; sourceTree = "<group>"; };
		C851A4CF1D50A19700E3D4CF /* HeadPortraitCell.m */ = {isa = PBXFileReference; fileEncoding = 4; lastKnownFileType = sourcecode.c.objc; path = HeadPortraitCell.m; sourceTree = "<group>"; };
		C86465091D487F680071F64F /* LeeLogin.app */ = {isa = PBXFileReference; explicitFileType = wrapper.application; includeInIndex = 0; path = LeeLogin.app; sourceTree = BUILT_PRODUCTS_DIR; };
		C864650D1D487F680071F64F /* main.m */ = {isa = PBXFileReference; lastKnownFileType = sourcecode.c.objc; path = main.m; sourceTree = "<group>"; };
		C864650F1D487F680071F64F /* AppDelegate.h */ = {isa = PBXFileReference; lastKnownFileType = sourcecode.c.h; path = AppDelegate.h; sourceTree = "<group>"; };
		C86465101D487F680071F64F /* AppDelegate.m */ = {isa = PBXFileReference; lastKnownFileType = sourcecode.c.objc; path = AppDelegate.m; sourceTree = "<group>"; };
		C86465121D487F680071F64F /* ViewController.h */ = {isa = PBXFileReference; lastKnownFileType = sourcecode.c.h; path = ViewController.h; sourceTree = "<group>"; };
		C86465131D487F680071F64F /* ViewController.m */ = {isa = PBXFileReference; lastKnownFileType = sourcecode.c.objc; path = ViewController.m; sourceTree = "<group>"; };
		C86465161D487F680071F64F /* Base */ = {isa = PBXFileReference; lastKnownFileType = file.storyboard; name = Base; path = Base.lproj/Main.storyboard; sourceTree = "<group>"; };
		C86465181D487F680071F64F /* Assets.xcassets */ = {isa = PBXFileReference; lastKnownFileType = folder.assetcatalog; path = Assets.xcassets; sourceTree = "<group>"; };
		C864651B1D487F680071F64F /* Base */ = {isa = PBXFileReference; lastKnownFileType = file.storyboard; name = Base; path = Base.lproj/LaunchScreen.storyboard; sourceTree = "<group>"; };
		C864651D1D487F680071F64F /* Info.plist */ = {isa = PBXFileReference; lastKnownFileType = text.plist.xml; path = Info.plist; sourceTree = "<group>"; };
		C86465221D487F680071F64F /* LeeLoginTests.xctest */ = {isa = PBXFileReference; explicitFileType = wrapper.cfbundle; includeInIndex = 0; path = LeeLoginTests.xctest; sourceTree = BUILT_PRODUCTS_DIR; };
		C86465261D487F680071F64F /* LeeLoginTests.m */ = {isa = PBXFileReference; lastKnownFileType = sourcecode.c.objc; path = LeeLoginTests.m; sourceTree = "<group>"; };
		C86465281D487F680071F64F /* Info.plist */ = {isa = PBXFileReference; lastKnownFileType = text.plist.xml; path = Info.plist; sourceTree = "<group>"; };
		C864652D1D487F680071F64F /* LeeLoginUITests.xctest */ = {isa = PBXFileReference; explicitFileType = wrapper.cfbundle; includeInIndex = 0; path = LeeLoginUITests.xctest; sourceTree = BUILT_PRODUCTS_DIR; };
		C86465311D487F680071F64F /* LeeLoginUITests.m */ = {isa = PBXFileReference; lastKnownFileType = sourcecode.c.objc; path = LeeLoginUITests.m; sourceTree = "<group>"; };
		C86465331D487F680071F64F /* Info.plist */ = {isa = PBXFileReference; lastKnownFileType = text.plist.xml; path = Info.plist; sourceTree = "<group>"; };
		C864653F1D487F830071F64F /* LeeNavigationTitleBaseVC.h */ = {isa = PBXFileReference; fileEncoding = 4; lastKnownFileType = sourcecode.c.h; path = LeeNavigationTitleBaseVC.h; sourceTree = "<group>"; };
		C86465401D487F830071F64F /* LeeNavigationTitleBaseVC.m */ = {isa = PBXFileReference; fileEncoding = 4; lastKnownFileType = sourcecode.c.objc; path = LeeNavigationTitleBaseVC.m; sourceTree = "<group>"; };
		C86465421D487FB50071F64F /* PrefixHeader.pch */ = {isa = PBXFileReference; fileEncoding = 4; lastKnownFileType = sourcecode.c.h; path = PrefixHeader.pch; sourceTree = "<group>"; };
		C86465491D4881180071F64F /* LeeAllView.h */ = {isa = PBXFileReference; fileEncoding = 4; lastKnownFileType = sourcecode.c.h; path = LeeAllView.h; sourceTree = "<group>"; };
		C864654A1D4881180071F64F /* LeeAllView.m */ = {isa = PBXFileReference; fileEncoding = 4; lastKnownFileType = sourcecode.c.objc; path = LeeAllView.m; sourceTree = "<group>"; };
		C864654C1D4885390071F64F /* RegisteredVC.h */ = {isa = PBXFileReference; fileEncoding = 4; lastKnownFileType = sourcecode.c.h; path = RegisteredVC.h; sourceTree = "<group>"; };
		C864654D1D4885390071F64F /* RegisteredVC.m */ = {isa = PBXFileReference; fileEncoding = 4; lastKnownFileType = sourcecode.c.objc; path = RegisteredVC.m; sourceTree = "<group>"; };
		C864654F1D48A2D80071F64F /* RegistrationTermsVC.h */ = {isa = PBXFileReference; fileEncoding = 4; lastKnownFileType = sourcecode.c.h; path = RegistrationTermsVC.h; sourceTree = "<group>"; };
		C86465501D48A2D80071F64F /* RegistrationTermsVC.m */ = {isa = PBXFileReference; fileEncoding = 4; lastKnownFileType = sourcecode.c.objc; path = RegistrationTermsVC.m; sourceTree = "<group>"; };
		C86465521D48AEB80071F64F /* RegistrationPromptVC.h */ = {isa = PBXFileReference; fileEncoding = 4; lastKnownFileType = sourcecode.c.h; path = RegistrationPromptVC.h; sourceTree = "<group>"; };
		C86465531D48AEB80071F64F /* RegistrationPromptVC.m */ = {isa = PBXFileReference; fileEncoding = 4; lastKnownFileType = sourcecode.c.objc; path = RegistrationPromptVC.m; sourceTree = "<group>"; };
		C8781C081D5185FC0098E264 /* IndividualitySignatureCell.h */ = {isa = PBXFileReference; fileEncoding = 4; lastKnownFileType = sourcecode.c.h; path = IndividualitySignatureCell.h; sourceTree = "<group>"; };
		C8781C091D5185FC0098E264 /* IndividualitySignatureCell.m */ = {isa = PBXFileReference; fileEncoding = 4; lastKnownFileType = sourcecode.c.objc; path = IndividualitySignatureCell.m; sourceTree = "<group>"; };
		C8A4D2301D49AAEA0061D67C /* LoginVC.h */ = {isa = PBXFileReference; fileEncoding = 4; lastKnownFileType = sourcecode.c.h; path = LoginVC.h; sourceTree = "<group>"; };
		C8A4D2311D49AAEA0061D67C /* LoginVC.m */ = {isa = PBXFileReference; fileEncoding = 4; lastKnownFileType = sourcecode.c.objc; path = LoginVC.m; sourceTree = "<group>"; };
		C8A4D2341D49B9BC0061D67C /* RetrievePasswordVC.h */ = {isa = PBXFileReference; fileEncoding = 4; lastKnownFileType = sourcecode.c.h; path = RetrievePasswordVC.h; sourceTree = "<group>"; };
		C8A4D2351D49B9BC0061D67C /* RetrievePasswordVC.m */ = {isa = PBXFileReference; fileEncoding = 4; lastKnownFileType = sourcecode.c.objc; path = RetrievePasswordVC.m; sourceTree = "<group>"; };
		C8A4D2371D49D1960061D67C /* ResetPasswordVC.h */ = {isa = PBXFileReference; fileEncoding = 4; lastKnownFileType = sourcecode.c.h; path = ResetPasswordVC.h; sourceTree = "<group>"; };
		C8A4D2381D49D1960061D67C /* ResetPasswordVC.m */ = {isa = PBXFileReference; fileEncoding = 4; lastKnownFileType = sourcecode.c.objc; path = ResetPasswordVC.m; sourceTree = "<group>"; };
		C8A4D23B1D49DFF50061D67C /* HomePageViewController.h */ = {isa = PBXFileReference; fileEncoding = 4; lastKnownFileType = sourcecode.c.h; path = HomePageViewController.h; sourceTree = "<group>"; };
		C8A4D23C1D49DFF50061D67C /* HomePageViewController.m */ = {isa = PBXFileReference; fileEncoding = 4; lastKnownFileType = sourcecode.c.objc; path = HomePageViewController.m; sourceTree = "<group>"; };
		C8A4D2461D4A0E620061D67C /* HomePageTableViewCell.h */ = {isa = PBXFileReference; fileEncoding = 4; lastKnownFileType = sourcecode.c.h; path = HomePageTableViewCell.h; sourceTree = "<group>"; };
		C8A4D2471D4A0E620061D67C /* HomePageTableViewCell.m */ = {isa = PBXFileReference; fileEncoding = 4; lastKnownFileType = sourcecode.c.objc; path = HomePageTableViewCell.m; sourceTree = "<group>"; };
		C8DD53861D5313FB0051515F /* AroundMallVC.h */ = {isa = PBXFileReference; fileEncoding = 4; lastKnownFileType = sourcecode.c.h; path = AroundMallVC.h; sourceTree = "<group>"; };
		C8DD53871D5313FB0051515F /* AroundMallVC.m */ = {isa = PBXFileReference; fileEncoding = 4; lastKnownFileType = sourcecode.c.objc; path = AroundMallVC.m; sourceTree = "<group>"; };
		C8DD53891D53168E0051515F /* StoreTableViewCell.h */ = {isa = PBXFileReference; fileEncoding = 4; lastKnownFileType = sourcecode.c.h; path = StoreTableViewCell.h; sourceTree = "<group>"; };
		C8DD538A1D53168E0051515F /* StoreTableViewCell.m */ = {isa = PBXFileReference; fileEncoding = 4; lastKnownFileType = sourcecode.c.objc; path = StoreTableViewCell.m; sourceTree = "<group>"; };
		C8DD53921D531BB80051515F /* ListGoodsVC.h */ = {isa = PBXFileReference; fileEncoding = 4; lastKnownFileType = sourcecode.c.h; path = ListGoodsVC.h; sourceTree = "<group>"; };
		C8DD53931D531BB80051515F /* ListGoodsVC.m */ = {isa = PBXFileReference; fileEncoding = 4; lastKnownFileType = sourcecode.c.objc; path = ListGoodsVC.m; sourceTree = "<group>"; };
		C8DD53951D5321100051515F /* ListGoodsTableViewCell.h */ = {isa = PBXFileReference; fileEncoding = 4; lastKnownFileType = sourcecode.c.h; path = ListGoodsTableViewCell.h; sourceTree = "<group>"; };
		C8DD53961D5321100051515F /* ListGoodsTableViewCell.m */ = {isa = PBXFileReference; fileEncoding = 4; lastKnownFileType = sourcecode.c.objc; path = ListGoodsTableViewCell.m; sourceTree = "<group>"; };
/* End PBXFileReference section */

/* Begin PBXFrameworksBuildPhase section */
		C86465061D487F680071F64F /* Frameworks */ = {
			isa = PBXFrameworksBuildPhase;
			buildActionMask = 2147483647;
			files = (
			);
			runOnlyForDeploymentPostprocessing = 0;
		};
		C864651F1D487F680071F64F /* Frameworks */ = {
			isa = PBXFrameworksBuildPhase;
			buildActionMask = 2147483647;
			files = (
			);
			runOnlyForDeploymentPostprocessing = 0;
		};
		C864652A1D487F680071F64F /* Frameworks */ = {
			isa = PBXFrameworksBuildPhase;
			buildActionMask = 2147483647;
			files = (
			);
			runOnlyForDeploymentPostprocessing = 0;
		};
/* End PBXFrameworksBuildPhase section */

/* Begin PBXGroup section */
		050332451D51C94600B4377F /* RealNameAuthentication */ = {
			isa = PBXGroup;
			children = (
				050332651D51CC9A00B4377F /* view */,
				0503324B1D51C94600B4377F /* CheckViewController.h */,
				0503324C1D51C94600B4377F /* CheckViewController.m */,
				0503324D1D51C94600B4377F /* FillInformationViewController.h */,
				0503324E1D51C94600B4377F /* FillInformationViewController.m */,
				050332521D51C94600B4377F /* NvigationItemSingle.h */,
				050332531D51C94600B4377F /* NvigationItemSingle.m */,
				050332541D51C94600B4377F /* PrefixHeader.pch */,
				050332551D51C94600B4377F /* RealNameAuthenticationViewController.h */,
				050332561D51C94600B4377F /* RealNameAuthenticationViewController.m */,
			);
			path = RealNameAuthentication;
			sourceTree = "<group>";
		};
		050332651D51CC9A00B4377F /* view */ = {
			isa = PBXGroup;
			children = (
				050332661D51CCCF00B4377F /* AuthenticationCell.xib */,
				050332461D51C94600B4377F /* AuthenticationCell.h */,
				050332471D51C94600B4377F /* AuthenticationCell.m */,
				050332481D51C94600B4377F /* CDCardCell.h */,
				050332491D51C94600B4377F /* CDCardCell.m */,
				0503324A1D51C94600B4377F /* CDCardCell.xib */,
				0503324F1D51C94600B4377F /* MyAuthenticatioinCell.h */,
				050332501D51C94600B4377F /* MyAuthenticatioinCell.m */,
				050332511D51C94600B4377F /* MyAuthenticatioinCell.xib */,
				050332571D51C94600B4377F /* RefuseAlertView.h */,
				050332581D51C94600B4377F /* RefuseAlertView.m */,
				050332591D51C94600B4377F /* RefuseAlertView.xib */,
			);
			name = view;
			sourceTree = "<group>";
		};
		05FD5D0C1D54880D0051EFB0 /* 会员讲师--星星之火 */ = {
			isa = PBXGroup;
			children = (
				05FD5D0D1D54880D0051EFB0 /* ASingleSparkViewController.h */,
				05FD5D0E1D54880D0051EFB0 /* ASingleSparkViewController.m */,
				05FD5D0F1D54880D0051EFB0 /* LTCustomView.h */,
				05FD5D101D54880D0051EFB0 /* LTCustomView.m */,
				05FD5D111D54880D0051EFB0 /* MeetCell.h */,
				05FD5D121D54880D0051EFB0 /* MeetCell.m */,
				05FD5D131D54880D0051EFB0 /* MeetCell.xib */,
				05FD5D141D54880D0051EFB0 /* MeetListViewController.h */,
				05FD5D151D54880D0051EFB0 /* MeetListViewController.m */,
				05FD5D161D54880D0051EFB0 /* MeetSubmitCell.h */,
				05FD5D171D54880D0051EFB0 /* MeetSubmitCell.m */,
				05FD5D181D54880D0051EFB0 /* MeetSubmitCell.xib */,
				05FD5D191D54880D0051EFB0 /* MemberTeacherViewController.h */,
				05FD5D1A1D54880D0051EFB0 /* MemberTeacherViewController.m */,
				05FD5D1B1D54880D0051EFB0 /* ShowMeetInfoViewController.h */,
				05FD5D1C1D54880D0051EFB0 /* ShowMeetInfoViewController.m */,
				05FD5D1D1D54880D0051EFB0 /* SubmitMeetContentViewController.h */,
				05FD5D1E1D54880D0051EFB0 /* SubmitMeetContentViewController.m */,
				05FD5D1F1D54880D0051EFB0 /* SubmitPhotoCell.h */,
				05FD5D201D54880D0051EFB0 /* SubmitPhotoCell.m */,
				05FD5D211D54880D0051EFB0 /* SubmitPhotoCell.xib */,
			);
			path = "会员讲师--星星之火";
			sourceTree = "<group>";
		};
		05FD5D491D5494A50051EFB0 /* view */ = {
			isa = PBXGroup;
			children = (
				05FD5D341D54949A0051EFB0 /* MidCell.h */,
				05FD5D351D54949A0051EFB0 /* MidCell.m */,
				05FD5D361D54949A0051EFB0 /* MidCell.xib */,
				05FD5D371D54949A0051EFB0 /* FirstViewCell.h */,
				05FD5D381D54949A0051EFB0 /* FirstViewCell.m */,
				05FD5D391D54949A0051EFB0 /* FirstViewCell.xib */,
				05FD5D3A1D54949A0051EFB0 /* PersonTopView.h */,
				05FD5D3B1D54949A0051EFB0 /* PersonTopView.m */,
				05FD5D3C1D54949A0051EFB0 /* AreaFooterView.h */,
				05FD5D3D1D54949A0051EFB0 /* AreaFooterView.m */,
				05FD5D3E1D54949A0051EFB0 /* MainCell.h */,
				05FD5D3F1D54949A0051EFB0 /* MainCell.m */,
				05FD5D401D54949A0051EFB0 /* MainCell.xib */,
			);
			name = view;
			sourceTree = "<group>";
		};
		05FD5D4A1D5494E90051EFB0 /* Masonry */ = {
			isa = PBXGroup;
			children = (
				05FD5D4B1D5494E90051EFB0 /* Info.plist */,
				05FD5D4C1D5494E90051EFB0 /* MASCompositeConstraint.h */,
				05FD5D4D1D5494E90051EFB0 /* MASCompositeConstraint.m */,
				05FD5D4E1D5494E90051EFB0 /* MASConstraint+Private.h */,
				05FD5D4F1D5494E90051EFB0 /* MASConstraint.h */,
				05FD5D501D5494E90051EFB0 /* MASConstraint.m */,
				05FD5D511D5494E90051EFB0 /* MASConstraintMaker.h */,
				05FD5D521D5494E90051EFB0 /* MASConstraintMaker.m */,
				05FD5D531D5494E90051EFB0 /* MASLayoutConstraint.h */,
				05FD5D541D5494E90051EFB0 /* MASLayoutConstraint.m */,
				05FD5D551D5494E90051EFB0 /* Masonry.h */,
				05FD5D561D5494E90051EFB0 /* MASUtilities.h */,
				05FD5D571D5494E90051EFB0 /* MASViewAttribute.h */,
				05FD5D581D5494E90051EFB0 /* MASViewAttribute.m */,
				05FD5D591D5494E90051EFB0 /* MASViewConstraint.h */,
				05FD5D5A1D5494E90051EFB0 /* MASViewConstraint.m */,
				05FD5D5B1D5494E90051EFB0 /* NSArray+MASAdditions.h */,
				05FD5D5C1D5494E90051EFB0 /* NSArray+MASAdditions.m */,
				05FD5D5D1D5494E90051EFB0 /* NSArray+MASShorthandAdditions.h */,
				05FD5D5E1D5494E90051EFB0 /* NSLayoutConstraint+MASDebugAdditions.h */,
				05FD5D5F1D5494E90051EFB0 /* NSLayoutConstraint+MASDebugAdditions.m */,
				05FD5D601D5494E90051EFB0 /* timg.jpg */,
				05FD5D611D5494E90051EFB0 /* View+MASAdditions.h */,
				05FD5D621D5494E90051EFB0 /* View+MASAdditions.m */,
				05FD5D631D5494E90051EFB0 /* View+MASShorthandAdditions.h */,
				05FD5D641D5494E90051EFB0 /* ViewController+MASAdditions.h */,
				05FD5D651D5494E90051EFB0 /* ViewController+MASAdditions.m */,
			);
			path = Masonry;
			sourceTree = "<group>";
		};
		C83479371D4EDA8200DEFE2A /* 启动页 */ = {
			isa = PBXGroup;
			children = (
				C83479381D4EDA9900DEFE2A /* WelcomeViewController.h */,
				C83479391D4EDA9900DEFE2A /* WelcomeViewController.m */,
			);
			name = "启动页";
			sourceTree = "<group>";
		};
		C834793B1D4EEDE000DEFE2A /* 个人账户 */ = {
			isa = PBXGroup;
			children = (
				C834793C1D4EF53600DEFE2A /* IndividualAccountVC.h */,
				C834793D1D4EF53600DEFE2A /* IndividualAccountVC.m */,
				C80167C31D52D32000A9971B /* IndividualAccountContenVC.h */,
				C80167C41D52D32000A9971B /* IndividualAccountContenVC.m */,
				C834793F1D4EFC5A00DEFE2A /* IndividualAccountCell.h */,
				C83479401D4EFC5A00DEFE2A /* IndividualAccountCell.m */,
			);
			name = "个人账户";
			sourceTree = "<group>";
		};
		C83479481D4F484800DEFE2A /* 个人信息 */ = {
			isa = PBXGroup;
			children = (
				C83479491D4F48D200DEFE2A /* PersonalInformationVC.h */,
				C834794A1D4F48D200DEFE2A /* PersonalInformationVC.m */,
				C851A4C51D50483E00E3D4CF /* ModifyPictureVC.h */,
				C851A4C61D50483E00E3D4CF /* ModifyPictureVC.m */,
				C851A4CB1D50708200E3D4CF /* AllModifyVC.h */,
				C851A4CC1D50708200E3D4CF /* AllModifyVC.m */,
				C851A4C81D504F0C00E3D4CF /* ChangePasswordVC.h */,
				C851A4C91D504F0C00E3D4CF /* ChangePasswordVC.m */,
				C8781C081D5185FC0098E264 /* IndividualitySignatureCell.h */,
				C8781C091D5185FC0098E264 /* IndividualitySignatureCell.m */,
				C834794C1D4F510000DEFE2A /* PersonalInformationVCCell.h */,
				C834794D1D4F510000DEFE2A /* PersonalInformationVCCell.m */,
				C851A4CE1D50A19700E3D4CF /* HeadPortraitCell.h */,
				C851A4CF1D50A19700E3D4CF /* HeadPortraitCell.m */,
			);
			name = "个人信息";
			sourceTree = "<group>";
		};
		C86465001D487F680071F64F = {
			isa = PBXGroup;
			children = (
				C864650B1D487F680071F64F /* LeeLogin */,
				C86465251D487F680071F64F /* LeeLoginTests */,
				C86465301D487F680071F64F /* LeeLoginUITests */,
				C864650A1D487F680071F64F /* Products */,
			);
			sourceTree = "<group>";
		};
		C864650A1D487F680071F64F /* Products */ = {
			isa = PBXGroup;
			children = (
				C86465091D487F680071F64F /* LeeLogin.app */,
				C86465221D487F680071F64F /* LeeLoginTests.xctest */,
				C864652D1D487F680071F64F /* LeeLoginUITests.xctest */,
			);
			name = Products;
			sourceTree = "<group>";
		};
		C864650B1D487F680071F64F /* LeeLogin */ = {
			isa = PBXGroup;
			children = (
				05FD5D4A1D5494E90051EFB0 /* Masonry */,
				05FD5D0C1D54880D0051EFB0 /* 会员讲师--星星之火 */,
				C864650F1D487F680071F64F /* AppDelegate.h */,
				C86465101D487F680071F64F /* AppDelegate.m */,
				C8DD53851D5313B80051515F /* 商城 */,
				050332451D51C94600B4377F /* RealNameAuthentication */,
				C83479481D4F484800DEFE2A /* 个人信息 */,
				C834793B1D4EEDE000DEFE2A /* 个人账户 */,
				C83479371D4EDA8200DEFE2A /* 启动页 */,
				C8A4D23A1D49DFC20061D67C /* 首页 */,
				C8A4D2331D49B9780061D67C /* 登录 */,
				C8A4D22F1D49AAAE0061D67C /* 注册 */,
				C86465121D487F680071F64F /* ViewController.h */,
				C86465131D487F680071F64F /* ViewController.m */,
				C86465491D4881180071F64F /* LeeAllView.h */,
				C864654A1D4881180071F64F /* LeeAllView.m */,
				C864653F1D487F830071F64F /* LeeNavigationTitleBaseVC.h */,
				C86465401D487F830071F64F /* LeeNavigationTitleBaseVC.m */,
				C86465151D487F680071F64F /* Main.storyboard */,
				C86465421D487FB50071F64F /* PrefixHeader.pch */,
				C86465181D487F680071F64F /* Assets.xcassets */,
				C864651A1D487F680071F64F /* LaunchScreen.storyboard */,
				C864651D1D487F680071F64F /* Info.plist */,
				C864650C1D487F680071F64F /* Supporting Files */,
			);
			path = LeeLogin;
			sourceTree = "<group>";
		};
		C864650C1D487F680071F64F /* Supporting Files */ = {
			isa = PBXGroup;
			children = (
				C864650D1D487F680071F64F /* main.m */,
			);
			name = "Supporting Files";
			sourceTree = "<group>";
		};
		C86465251D487F680071F64F /* LeeLoginTests */ = {
			isa = PBXGroup;
			children = (
				C86465261D487F680071F64F /* LeeLoginTests.m */,
				C86465281D487F680071F64F /* Info.plist */,
			);
			path = LeeLoginTests;
			sourceTree = "<group>";
		};
		C86465301D487F680071F64F /* LeeLoginUITests */ = {
			isa = PBXGroup;
			children = (
				C86465311D487F680071F64F /* LeeLoginUITests.m */,
				C86465331D487F680071F64F /* Info.plist */,
			);
			path = LeeLoginUITests;
			sourceTree = "<group>";
		};
		C8A4D22F1D49AAAE0061D67C /* 注册 */ = {
			isa = PBXGroup;
			children = (
				C864654C1D4885390071F64F /* RegisteredVC.h */,
				C864654D1D4885390071F64F /* RegisteredVC.m */,
				C864654F1D48A2D80071F64F /* RegistrationTermsVC.h */,
				C86465501D48A2D80071F64F /* RegistrationTermsVC.m */,
				C86465521D48AEB80071F64F /* RegistrationPromptVC.h */,
				C86465531D48AEB80071F64F /* RegistrationPromptVC.m */,
			);
			name = "注册";
			sourceTree = "<group>";
		};
		C8A4D2331D49B9780061D67C /* 登录 */ = {
			isa = PBXGroup;
			children = (
				C8A4D2301D49AAEA0061D67C /* LoginVC.h */,
				C8A4D2311D49AAEA0061D67C /* LoginVC.m */,
				C8A4D2341D49B9BC0061D67C /* RetrievePasswordVC.h */,
				C8A4D2351D49B9BC0061D67C /* RetrievePasswordVC.m */,
				C8A4D2371D49D1960061D67C /* ResetPasswordVC.h */,
				C8A4D2381D49D1960061D67C /* ResetPasswordVC.m */,
			);
			name = "登录";
			sourceTree = "<group>";
		};
		C8A4D23A1D49DFC20061D67C /* 首页 */ = {
			isa = PBXGroup;
			children = (
				05FD5D721D5496790051EFB0 /* biao02.png */,
				05FD5D2E1D54947C0051EFB0 /* MainViewController.h */,
				05FD5D2F1D54947C0051EFB0 /* MainViewController.m */,
				05FD5D301D54947C0051EFB0 /* PersonAccountViewController.h */,
				05FD5D311D54947C0051EFB0 /* PersonAccountViewController.m */,
				05FD5D491D5494A50051EFB0 /* view */,
				C8A4D23B1D49DFF50061D67C /* HomePageViewController.h */,
				C8A4D23C1D49DFF50061D67C /* HomePageViewController.m */,
				C8A4D2461D4A0E620061D67C /* HomePageTableViewCell.h */,
				C8A4D2471D4A0E620061D67C /* HomePageTableViewCell.m */,
			);
			name = "首页";
			sourceTree = "<group>";
		};
		C8DD53851D5313B80051515F /* 商城 */ = {
			isa = PBXGroup;
			children = (
				C8DD53861D5313FB0051515F /* AroundMallVC.h */,
				C8DD53871D5313FB0051515F /* AroundMallVC.m */,
				C8DD53891D53168E0051515F /* StoreTableViewCell.h */,
				C8DD538A1D53168E0051515F /* StoreTableViewCell.m */,
				C8DD53921D531BB80051515F /* ListGoodsVC.h */,
				C8DD53931D531BB80051515F /* ListGoodsVC.m */,
				C8DD53951D5321100051515F /* ListGoodsTableViewCell.h */,
				C8DD53961D5321100051515F /* ListGoodsTableViewCell.m */,
			);
			name = "商城";
			sourceTree = "<group>";
		};
/* End PBXGroup section */

/* Begin PBXNativeTarget section */
		C86465081D487F680071F64F /* LeeLogin */ = {
			isa = PBXNativeTarget;
			buildConfigurationList = C86465361D487F680071F64F /* Build configuration list for PBXNativeTarget "LeeLogin" */;
			buildPhases = (
				C86465051D487F680071F64F /* Sources */,
				C86465061D487F680071F64F /* Frameworks */,
				C86465071D487F680071F64F /* Resources */,
			);
			buildRules = (
			);
			dependencies = (
			);
			name = LeeLogin;
			productName = LeeLogin;
			productReference = C86465091D487F680071F64F /* LeeLogin.app */;
			productType = "com.apple.product-type.application";
		};
		C86465211D487F680071F64F /* LeeLoginTests */ = {
			isa = PBXNativeTarget;
			buildConfigurationList = C86465391D487F680071F64F /* Build configuration list for PBXNativeTarget "LeeLoginTests" */;
			buildPhases = (
				C864651E1D487F680071F64F /* Sources */,
				C864651F1D487F680071F64F /* Frameworks */,
				C86465201D487F680071F64F /* Resources */,
			);
			buildRules = (
			);
			dependencies = (
				C86465241D487F680071F64F /* PBXTargetDependency */,
			);
			name = LeeLoginTests;
			productName = LeeLoginTests;
			productReference = C86465221D487F680071F64F /* LeeLoginTests.xctest */;
			productType = "com.apple.product-type.bundle.unit-test";
		};
		C864652C1D487F680071F64F /* LeeLoginUITests */ = {
			isa = PBXNativeTarget;
			buildConfigurationList = C864653C1D487F680071F64F /* Build configuration list for PBXNativeTarget "LeeLoginUITests" */;
			buildPhases = (
				C86465291D487F680071F64F /* Sources */,
				C864652A1D487F680071F64F /* Frameworks */,
				C864652B1D487F680071F64F /* Resources */,
			);
			buildRules = (
			);
			dependencies = (
				C864652F1D487F680071F64F /* PBXTargetDependency */,
			);
			name = LeeLoginUITests;
			productName = LeeLoginUITests;
			productReference = C864652D1D487F680071F64F /* LeeLoginUITests.xctest */;
			productType = "com.apple.product-type.bundle.ui-testing";
		};
/* End PBXNativeTarget section */

/* Begin PBXProject section */
		C86465011D487F680071F64F /* Project object */ = {
			isa = PBXProject;
			attributes = {
				LastUpgradeCheck = 0730;
				ORGANIZATIONNAME = Leexiaohu;
				TargetAttributes = {
					C86465081D487F680071F64F = {
						CreatedOnToolsVersion = 7.3.1;
					};
					C86465211D487F680071F64F = {
						CreatedOnToolsVersion = 7.3.1;
						TestTargetID = C86465081D487F680071F64F;
					};
					C864652C1D487F680071F64F = {
						CreatedOnToolsVersion = 7.3.1;
						TestTargetID = C86465081D487F680071F64F;
					};
				};
			};
			buildConfigurationList = C86465041D487F680071F64F /* Build configuration list for PBXProject "LeeLogin" */;
			compatibilityVersion = "Xcode 3.2";
			developmentRegion = English;
			hasScannedForEncodings = 0;
			knownRegions = (
				en,
				Base,
			);
			mainGroup = C86465001D487F680071F64F;
			productRefGroup = C864650A1D487F680071F64F /* Products */;
			projectDirPath = "";
			projectRoot = "";
			targets = (
				C86465081D487F680071F64F /* LeeLogin */,
				C86465211D487F680071F64F /* LeeLoginTests */,
				C864652C1D487F680071F64F /* LeeLoginUITests */,
			);
		};
/* End PBXProject section */

/* Begin PBXResourcesBuildPhase section */
		C86465071D487F680071F64F /* Resources */ = {
			isa = PBXResourcesBuildPhase;
			buildActionMask = 2147483647;
			files = (
				05FD5D251D54880D0051EFB0 /* MeetCell.xib in Resources */,
				05FD5D6F1D5494E90051EFB0 /* timg.jpg in Resources */,
				05FD5D481D54949A0051EFB0 /* MainCell.xib in Resources */,
				05FD5D441D54949A0051EFB0 /* FirstViewCell.xib in Resources */,
				05FD5D421D54949A0051EFB0 /* MidCell.xib in Resources */,
				0503325C1D51C94600B4377F /* CDCardCell.xib in Resources */,
				050332671D51CCCF00B4377F /* AuthenticationCell.xib in Resources */,
				05FD5D661D5494E90051EFB0 /* Info.plist in Resources */,
				C864651C1D487F680071F64F /* LaunchScreen.storyboard in Resources */,
				05FD5D2D1D54880D0051EFB0 /* SubmitPhotoCell.xib in Resources */,
				05FD5D731D5496790051EFB0 /* biao02.png in Resources */,
				C86465191D487F680071F64F /* Assets.xcassets in Resources */,
				050332641D51C94600B4377F /* RefuseAlertView.xib in Resources */,
				05FD5D281D54880D0051EFB0 /* MeetSubmitCell.xib in Resources */,
				050332601D51C94600B4377F /* MyAuthenticatioinCell.xib in Resources */,
				C86465171D487F680071F64F /* Main.storyboard in Resources */,
			);
			runOnlyForDeploymentPostprocessing = 0;
		};
		C86465201D487F680071F64F /* Resources */ = {
			isa = PBXResourcesBuildPhase;
			buildActionMask = 2147483647;
			files = (
			);
			runOnlyForDeploymentPostprocessing = 0;
		};
		C864652B1D487F680071F64F /* Resources */ = {
			isa = PBXResourcesBuildPhase;
			buildActionMask = 2147483647;
			files = (
			);
			runOnlyForDeploymentPostprocessing = 0;
		};
/* End PBXResourcesBuildPhase section */

/* Begin PBXSourcesBuildPhase section */
		C86465051D487F680071F64F /* Sources */ = {
			isa = PBXSourcesBuildPhase;
			buildActionMask = 2147483647;
			files = (
				C864654E1D4885390071F64F /* RegisteredVC.m in Sources */,
				05FD5D261D54880D0051EFB0 /* MeetListViewController.m in Sources */,
				C8A4D2481D4A0E620061D67C /* HomePageTableViewCell.m in Sources */,
				C86465141D487F680071F64F /* ViewController.m in Sources */,
				C851A4CA1D504F0C00E3D4CF /* ChangePasswordVC.m in Sources */,
				C8A4D2321D49AAEA0061D67C /* LoginVC.m in Sources */,
				C851A4C71D50483E00E3D4CF /* ModifyPictureVC.m in Sources */,
				C834793E1D4EF53600DEFE2A /* IndividualAccountVC.m in Sources */,
				C8A4D2361D49B9BC0061D67C /* RetrievePasswordVC.m in Sources */,
				05FD5D241D54880D0051EFB0 /* MeetCell.m in Sources */,
				C834793A1D4EDA9900DEFE2A /* WelcomeViewController.m in Sources */,
				05FD5D451D54949A0051EFB0 /* PersonTopView.m in Sources */,
				05FD5D321D54947C0051EFB0 /* MainViewController.m in Sources */,
				0503325E1D51C94600B4377F /* FillInformationViewController.m in Sources */,
				0503325B1D51C94600B4377F /* CDCardCell.m in Sources */,
				050332631D51C94600B4377F /* RefuseAlertView.m in Sources */,
				C80167C51D52D32000A9971B /* IndividualAccountContenVC.m in Sources */,
				05FD5D231D54880D0051EFB0 /* LTCustomView.m in Sources */,
				05FD5D271D54880D0051EFB0 /* MeetSubmitCell.m in Sources */,
				C834794E1D4F510000DEFE2A /* PersonalInformationVCCell.m in Sources */,
				05FD5D711D5494E90051EFB0 /* ViewController+MASAdditions.m in Sources */,
				05FD5D681D5494E90051EFB0 /* MASConstraint.m in Sources */,
				05FD5D671D5494E90051EFB0 /* MASCompositeConstraint.m in Sources */,
				05FD5D331D54947C0051EFB0 /* PersonAccountViewController.m in Sources */,
				05FD5D6E1D5494E90051EFB0 /* NSLayoutConstraint+MASDebugAdditions.m in Sources */,
				C834794B1D4F48D200DEFE2A /* PersonalInformationVC.m in Sources */,
				C851A4CD1D50708200E3D4CF /* AllModifyVC.m in Sources */,
				C851A4D01D50A19700E3D4CF /* HeadPortraitCell.m in Sources */,
				05FD5D221D54880D0051EFB0 /* ASingleSparkViewController.m in Sources */,
				C8781C0A1D5185FC0098E264 /* IndividualitySignatureCell.m in Sources */,
				05FD5D2B1D54880D0051EFB0 /* SubmitMeetContentViewController.m in Sources */,
				05FD5D6C1D5494E90051EFB0 /* MASViewConstraint.m in Sources */,
				C86465411D487F830071F64F /* LeeNavigationTitleBaseVC.m in Sources */,
				C8DD538B1D53168E0051515F /* StoreTableViewCell.m in Sources */,
				05FD5D691D5494E90051EFB0 /* MASConstraintMaker.m in Sources */,
				05FD5D2C1D54880D0051EFB0 /* SubmitPhotoCell.m in Sources */,
				0503325F1D51C94600B4377F /* MyAuthenticatioinCell.m in Sources */,
				05FD5D411D54949A0051EFB0 /* MidCell.m in Sources */,
				05FD5D6D1D5494E90051EFB0 /* NSArray+MASAdditions.m in Sources */,
				05FD5D701D5494E90051EFB0 /* View+MASAdditions.m in Sources */,
				C83479411D4EFC5A00DEFE2A /* IndividualAccountCell.m in Sources */,
				05FD5D431D54949A0051EFB0 /* FirstViewCell.m in Sources */,
				05FD5D2A1D54880D0051EFB0 /* ShowMeetInfoViewController.m in Sources */,
				C8DD53881D5313FB0051515F /* AroundMallVC.m in Sources */,
				C86465511D48A2D80071F64F /* RegistrationTermsVC.m in Sources */,
				050332611D51C94600B4377F /* NvigationItemSingle.m in Sources */,
				C86465111D487F680071F64F /* AppDelegate.m in Sources */,
				C8DD53971D5321100051515F /* ListGoodsTableViewCell.m in Sources */,
				C864654B1D4881180071F64F /* LeeAllView.m in Sources */,
				C8A4D23D1D49DFF50061D67C /* HomePageViewController.m in Sources */,
				05FD5D471D54949A0051EFB0 /* MainCell.m in Sources */,
				C8A4D2391D49D1960061D67C /* ResetPasswordVC.m in Sources */,
				05FD5D6B1D5494E90051EFB0 /* MASViewAttribute.m in Sources */,
				05FD5D291D54880D0051EFB0 /* MemberTeacherViewController.m in Sources */,
				C864650E1D487F680071F64F /* main.m in Sources */,
				05FD5D461D54949A0051EFB0 /* AreaFooterView.m in Sources */,
				C86465541D48AEB80071F64F /* RegistrationPromptVC.m in Sources */,
				0503325A1D51C94600B4377F /* AuthenticationCell.m in Sources */,
				05FD5D6A1D5494E90051EFB0 /* MASLayoutConstraint.m in Sources */,
				0503325D1D51C94600B4377F /* CheckViewController.m in Sources */,
				C8DD53941D531BB80051515F /* ListGoodsVC.m in Sources */,
				050332621D51C94600B4377F /* RealNameAuthenticationViewController.m in Sources */,
			);
			runOnlyForDeploymentPostprocessing = 0;
		};
		C864651E1D487F680071F64F /* Sources */ = {
			isa = PBXSourcesBuildPhase;
			buildActionMask = 2147483647;
			files = (
				C86465271D487F680071F64F /* LeeLoginTests.m in Sources */,
			);
			runOnlyForDeploymentPostprocessing = 0;
		};
		C86465291D487F680071F64F /* Sources */ = {
			isa = PBXSourcesBuildPhase;
			buildActionMask = 2147483647;
			files = (
				C86465321D487F680071F64F /* LeeLoginUITests.m in Sources */,
			);
			runOnlyForDeploymentPostprocessing = 0;
		};
/* End PBXSourcesBuildPhase section */

/* Begin PBXTargetDependency section */
		C86465241D487F680071F64F /* PBXTargetDependency */ = {
			isa = PBXTargetDependency;
			target = C86465081D487F680071F64F /* LeeLogin */;
			targetProxy = C86465231D487F680071F64F /* PBXContainerItemProxy */;
		};
		C864652F1D487F680071F64F /* PBXTargetDependency */ = {
			isa = PBXTargetDependency;
			target = C86465081D487F680071F64F /* LeeLogin */;
			targetProxy = C864652E1D487F680071F64F /* PBXContainerItemProxy */;
		};
/* End PBXTargetDependency section */

/* Begin PBXVariantGroup section */
		C86465151D487F680071F64F /* Main.storyboard */ = {
			isa = PBXVariantGroup;
			children = (
				C86465161D487F680071F64F /* Base */,
			);
			name = Main.storyboard;
			sourceTree = "<group>";
		};
		C864651A1D487F680071F64F /* LaunchScreen.storyboard */ = {
			isa = PBXVariantGroup;
			children = (
				C864651B1D487F680071F64F /* Base */,
			);
			name = LaunchScreen.storyboard;
			sourceTree = "<group>";
		};
/* End PBXVariantGroup section */

/* Begin XCBuildConfiguration section */
		C86465341D487F680071F64F /* Debug */ = {
			isa = XCBuildConfiguration;
			buildSettings = {
				ALWAYS_SEARCH_USER_PATHS = NO;
				CLANG_ANALYZER_NONNULL = YES;
				CLANG_CXX_LANGUAGE_STANDARD = "gnu++0x";
				CLANG_CXX_LIBRARY = "libc++";
				CLANG_ENABLE_MODULES = YES;
				CLANG_ENABLE_OBJC_ARC = YES;
				CLANG_WARN_BOOL_CONVERSION = YES;
				CLANG_WARN_CONSTANT_CONVERSION = YES;
				CLANG_WARN_DIRECT_OBJC_ISA_USAGE = YES_ERROR;
				CLANG_WARN_EMPTY_BODY = YES;
				CLANG_WARN_ENUM_CONVERSION = YES;
				CLANG_WARN_INT_CONVERSION = YES;
				CLANG_WARN_OBJC_ROOT_CLASS = YES_ERROR;
				CLANG_WARN_UNREACHABLE_CODE = YES;
				CLANG_WARN__DUPLICATE_METHOD_MATCH = YES;
				"CODE_SIGN_IDENTITY[sdk=iphoneos*]" = "iPhone Developer";
				COPY_PHASE_STRIP = NO;
				DEBUG_INFORMATION_FORMAT = dwarf;
				ENABLE_STRICT_OBJC_MSGSEND = YES;
				ENABLE_TESTABILITY = YES;
				GCC_C_LANGUAGE_STANDARD = gnu99;
				GCC_DYNAMIC_NO_PIC = NO;
				GCC_NO_COMMON_BLOCKS = YES;
				GCC_OPTIMIZATION_LEVEL = 0;
				GCC_PREPROCESSOR_DEFINITIONS = (
					"DEBUG=1",
					"$(inherited)",
				);
				GCC_WARN_64_TO_32_BIT_CONVERSION = YES;
				GCC_WARN_ABOUT_RETURN_TYPE = YES_ERROR;
				GCC_WARN_UNDECLARED_SELECTOR = YES;
				GCC_WARN_UNINITIALIZED_AUTOS = YES_AGGRESSIVE;
				GCC_WARN_UNUSED_FUNCTION = YES;
				GCC_WARN_UNUSED_VARIABLE = YES;
				IPHONEOS_DEPLOYMENT_TARGET = 9.3;
				MTL_ENABLE_DEBUG_INFO = YES;
				ONLY_ACTIVE_ARCH = YES;
				SDKROOT = iphoneos;
				TARGETED_DEVICE_FAMILY = "1,2";
			};
			name = Debug;
		};
		C86465351D487F680071F64F /* Release */ = {
			isa = XCBuildConfiguration;
			buildSettings = {
				ALWAYS_SEARCH_USER_PATHS = NO;
				CLANG_ANALYZER_NONNULL = YES;
				CLANG_CXX_LANGUAGE_STANDARD = "gnu++0x";
				CLANG_CXX_LIBRARY = "libc++";
				CLANG_ENABLE_MODULES = YES;
				CLANG_ENABLE_OBJC_ARC = YES;
				CLANG_WARN_BOOL_CONVERSION = YES;
				CLANG_WARN_CONSTANT_CONVERSION = YES;
				CLANG_WARN_DIRECT_OBJC_ISA_USAGE = YES_ERROR;
				CLANG_WARN_EMPTY_BODY = YES;
				CLANG_WARN_ENUM_CONVERSION = YES;
				CLANG_WARN_INT_CONVERSION = YES;
				CLANG_WARN_OBJC_ROOT_CLASS = YES_ERROR;
				CLANG_WARN_UNREACHABLE_CODE = YES;
				CLANG_WARN__DUPLICATE_METHOD_MATCH = YES;
				"CODE_SIGN_IDENTITY[sdk=iphoneos*]" = "iPhone Developer";
				COPY_PHASE_STRIP = NO;
				DEBUG_INFORMATION_FORMAT = "dwarf-with-dsym";
				ENABLE_NS_ASSERTIONS = NO;
				ENABLE_STRICT_OBJC_MSGSEND = YES;
				GCC_C_LANGUAGE_STANDARD = gnu99;
				GCC_NO_COMMON_BLOCKS = YES;
				GCC_WARN_64_TO_32_BIT_CONVERSION = YES;
				GCC_WARN_ABOUT_RETURN_TYPE = YES_ERROR;
				GCC_WARN_UNDECLARED_SELECTOR = YES;
				GCC_WARN_UNINITIALIZED_AUTOS = YES_AGGRESSIVE;
				GCC_WARN_UNUSED_FUNCTION = YES;
				GCC_WARN_UNUSED_VARIABLE = YES;
				IPHONEOS_DEPLOYMENT_TARGET = 9.3;
				MTL_ENABLE_DEBUG_INFO = NO;
				SDKROOT = iphoneos;
				TARGETED_DEVICE_FAMILY = "1,2";
				VALIDATE_PRODUCT = YES;
			};
			name = Release;
		};
		C86465371D487F680071F64F /* Debug */ = {
			isa = XCBuildConfiguration;
			buildSettings = {
				ASSETCATALOG_COMPILER_APPICON_NAME = AppIcon;
				GCC_PREFIX_HEADER = LeeLogin/PrefixHeader.pch;
				INFOPLIST_FILE = LeeLogin/Info.plist;
				LD_RUNPATH_SEARCH_PATHS = "$(inherited) @executable_path/Frameworks";
				PRODUCT_BUNDLE_IDENTIFIER = Leexiaohu.LeeLogin;
				PRODUCT_NAME = "$(TARGET_NAME)";
			};
			name = Debug;
		};
		C86465381D487F680071F64F /* Release */ = {
			isa = XCBuildConfiguration;
			buildSettings = {
				ASSETCATALOG_COMPILER_APPICON_NAME = AppIcon;
				GCC_PREFIX_HEADER = LeeLogin/PrefixHeader.pch;
				INFOPLIST_FILE = LeeLogin/Info.plist;
				LD_RUNPATH_SEARCH_PATHS = "$(inherited) @executable_path/Frameworks";
				PRODUCT_BUNDLE_IDENTIFIER = Leexiaohu.LeeLogin;
				PRODUCT_NAME = "$(TARGET_NAME)";
			};
			name = Release;
		};
		C864653A1D487F680071F64F /* Debug */ = {
			isa = XCBuildConfiguration;
			buildSettings = {
				BUNDLE_LOADER = "$(TEST_HOST)";
				INFOPLIST_FILE = LeeLoginTests/Info.plist;
				LD_RUNPATH_SEARCH_PATHS = "$(inherited) @executable_path/Frameworks @loader_path/Frameworks";
				PRODUCT_BUNDLE_IDENTIFIER = Leexiaohu.LeeLoginTests;
				PRODUCT_NAME = "$(TARGET_NAME)";
				TEST_HOST = "$(BUILT_PRODUCTS_DIR)/LeeLogin.app/LeeLogin";
			};
			name = Debug;
		};
		C864653B1D487F680071F64F /* Release */ = {
			isa = XCBuildConfiguration;
			buildSettings = {
				BUNDLE_LOADER = "$(TEST_HOST)";
				INFOPLIST_FILE = LeeLoginTests/Info.plist;
				LD_RUNPATH_SEARCH_PATHS = "$(inherited) @executable_path/Frameworks @loader_path/Frameworks";
				PRODUCT_BUNDLE_IDENTIFIER = Leexiaohu.LeeLoginTests;
				PRODUCT_NAME = "$(TARGET_NAME)";
				TEST_HOST = "$(BUILT_PRODUCTS_DIR)/LeeLogin.app/LeeLogin";
			};
			name = Release;
		};
		C864653D1D487F680071F64F /* Debug */ = {
			isa = XCBuildConfiguration;
			buildSettings = {
				INFOPLIST_FILE = LeeLoginUITests/Info.plist;
				LD_RUNPATH_SEARCH_PATHS = "$(inherited) @executable_path/Frameworks @loader_path/Frameworks";
				PRODUCT_BUNDLE_IDENTIFIER = Leexiaohu.LeeLoginUITests;
				PRODUCT_NAME = "$(TARGET_NAME)";
				TEST_TARGET_NAME = LeeLogin;
			};
			name = Debug;
		};
		C864653E1D487F680071F64F /* Release */ = {
			isa = XCBuildConfiguration;
			buildSettings = {
				INFOPLIST_FILE = LeeLoginUITests/Info.plist;
				LD_RUNPATH_SEARCH_PATHS = "$(inherited) @executable_path/Frameworks @loader_path/Frameworks";
				PRODUCT_BUNDLE_IDENTIFIER = Leexiaohu.LeeLoginUITests;
				PRODUCT_NAME = "$(TARGET_NAME)";
				TEST_TARGET_NAME = LeeLogin;
			};
			name = Release;
		};
/* End XCBuildConfiguration section */

/* Begin XCConfigurationList section */
		C86465041D487F680071F64F /* Build configuration list for PBXProject "LeeLogin" */ = {
			isa = XCConfigurationList;
			buildConfigurations = (
				C86465341D487F680071F64F /* Debug */,
				C86465351D487F680071F64F /* Release */,
			);
			defaultConfigurationIsVisible = 0;
			defaultConfigurationName = Release;
		};
		C86465361D487F680071F64F /* Build configuration list for PBXNativeTarget "LeeLogin" */ = {
			isa = XCConfigurationList;
			buildConfigurations = (
				C86465371D487F680071F64F /* Debug */,
				C86465381D487F680071F64F /* Release */,
			);
			defaultConfigurationIsVisible = 0;
			defaultConfigurationName = Release;
		};
		C86465391D487F680071F64F /* Build configuration list for PBXNativeTarget "LeeLoginTests" */ = {
			isa = XCConfigurationList;
			buildConfigurations = (
				C864653A1D487F680071F64F /* Debug */,
				C864653B1D487F680071F64F /* Release */,
			);
			defaultConfigurationIsVisible = 0;
			defaultConfigurationName = Release;
		};
		C864653C1D487F680071F64F /* Build configuration list for PBXNativeTarget "LeeLoginUITests" */ = {
			isa = XCConfigurationList;
			buildConfigurations = (
				C864653D1D487F680071F64F /* Debug */,
				C864653E1D487F680071F64F /* Release */,
			);
			defaultConfigurationIsVisible = 0;
			defaultConfigurationName = Release;
		};
/* End XCConfigurationList section */
	};
	rootObject = C86465011D487F680071F64F /* Project object */;
}
